// !$*UTF8*$!
{
	archiveVersion = 1;
	classes = {
	};
	objectVersion = 55;
	objects = {

/* Begin PBXBuildFile section */
		BD65487527215EFC007DF68F /* AppDelegate.swift in Sources */ = {isa = PBXBuildFile; fileRef = BD65487427215EFC007DF68F /* AppDelegate.swift */; };
		BD65487727215EFC007DF68F /* SceneDelegate.swift in Sources */ = {isa = PBXBuildFile; fileRef = BD65487627215EFC007DF68F /* SceneDelegate.swift */; };
		BD65487927215EFC007DF68F /* ViewController.swift in Sources */ = {isa = PBXBuildFile; fileRef = BD65487827215EFC007DF68F /* ViewController.swift */; };
		BD65487C27215EFC007DF68F /* Main.storyboard in Resources */ = {isa = PBXBuildFile; fileRef = BD65487A27215EFC007DF68F /* Main.storyboard */; };
		BD65487E27215EFF007DF68F /* Assets.xcassets in Resources */ = {isa = PBXBuildFile; fileRef = BD65487D27215EFF007DF68F /* Assets.xcassets */; };
		BD65488127215EFF007DF68F /* LaunchScreen.storyboard in Resources */ = {isa = PBXBuildFile; fileRef = BD65487F27215EFF007DF68F /* LaunchScreen.storyboard */; };
		BD65488A272160CB007DF68F /* GoogleService-Info.plist in Resources */ = {isa = PBXBuildFile; fileRef = BD654889272160CB007DF68F /* GoogleService-Info.plist */; };
		BDE5B196272306DF001707BC /* MainViewController.swift in Sources */ = {isa = PBXBuildFile; fileRef = BDE5B195272306DF001707BC /* MainViewController.swift */; };
		EB03598EEA8E88EBF7E087CF /* Pods_FirebaseAuthSample.framework in Frameworks */ = {isa = PBXBuildFile; fileRef = D273C9D7E44337ED006BFC14 /* Pods_FirebaseAuthSample.framework */; };
/* End PBXBuildFile section */

/* Begin PBXFileReference section */
		26842C70D9D7A6C0BBE4FDAD /* Pods-FirebaseAuthSample.release.xcconfig */ = {isa = PBXFileReference; includeInIndex = 1; lastKnownFileType = text.xcconfig; name = "Pods-FirebaseAuthSample.release.xcconfig"; path = "Target Support Files/Pods-FirebaseAuthSample/Pods-FirebaseAuthSample.release.xcconfig"; sourceTree = "<group>"; };
		BD65487127215EFC007DF68F /* FirebaseAuthSample.app */ = {isa = PBXFileReference; explicitFileType = wrapper.application; includeInIndex = 0; path = FirebaseAuthSample.app; sourceTree = BUILT_PRODUCTS_DIR; };
		BD65487427215EFC007DF68F /* AppDelegate.swift */ = {isa = PBXFileReference; lastKnownFileType = sourcecode.swift; path = AppDelegate.swift; sourceTree = "<group>"; };
		BD65487627215EFC007DF68F /* SceneDelegate.swift */ = {isa = PBXFileReference; lastKnownFileType = sourcecode.swift; path = SceneDelegate.swift; sourceTree = "<group>"; };
		BD65487827215EFC007DF68F /* ViewController.swift */ = {isa = PBXFileReference; lastKnownFileType = sourcecode.swift; path = ViewController.swift; sourceTree = "<group>"; };
		BD65487B27215EFC007DF68F /* Base */ = {isa = PBXFileReference; lastKnownFileType = file.storyboard; name = Base; path = Base.lproj/Main.storyboard; sourceTree = "<group>"; };
		BD65487D27215EFF007DF68F /* Assets.xcassets */ = {isa = PBXFileReference; lastKnownFileType = folder.assetcatalog; path = Assets.xcassets; sourceTree = "<group>"; };
		BD65488027215EFF007DF68F /* Base */ = {isa = PBXFileReference; lastKnownFileType = file.storyboard; name = Base; path = Base.lproj/LaunchScreen.storyboard; sourceTree = "<group>"; };
		BD65488227215EFF007DF68F /* Info.plist */ = {isa = PBXFileReference; lastKnownFileType = text.plist.xml; path = Info.plist; sourceTree = "<group>"; };
		BD654889272160CB007DF68F /* GoogleService-Info.plist */ = {isa = PBXFileReference; fileEncoding = 4; lastKnownFileType = text.plist.xml; path = "GoogleService-Info.plist"; sourceTree = "<group>"; };
		BDE5B195272306DF001707BC /* MainViewController.swift */ = {isa = PBXFileReference; lastKnownFileType = sourcecode.swift; path = MainViewController.swift; sourceTree = "<group>"; };
		D273C9D7E44337ED006BFC14 /* Pods_FirebaseAuthSample.framework */ = {isa = PBXFileReference; explicitFileType = wrapper.framework; includeInIndex = 0; path = Pods_FirebaseAuthSample.framework; sourceTree = BUILT_PRODUCTS_DIR; };
		ECAADE492C77C171F0C32C65 /* Pods-FirebaseAuthSample.debug.xcconfig */ = {isa = PBXFileReference; includeInIndex = 1; lastKnownFileType = text.xcconfig; name = "Pods-FirebaseAuthSample.debug.xcconfig"; path = "Target Support Files/Pods-FirebaseAuthSample/Pods-FirebaseAuthSample.debug.xcconfig"; sourceTree = "<group>"; };
/* End PBXFileReference section */

/* Begin PBXFrameworksBuildPhase section */
		BD65486E27215EFC007DF68F /* Frameworks */ = {
			isa = PBXFrameworksBuildPhase;
			buildActionMask = 2147483647;
			files = (
				EB03598EEA8E88EBF7E087CF /* Pods_FirebaseAuthSample.framework in Frameworks */,
			);
			runOnlyForDeploymentPostprocessing = 0;
		};
/* End PBXFrameworksBuildPhase section */

/* Begin PBXGroup section */
		34D069D1D4F6EA93D2D44ABE /* Frameworks */ = {
			isa = PBXGroup;
			children = (
				D273C9D7E44337ED006BFC14 /* Pods_FirebaseAuthSample.framework */,
			);
			name = Frameworks;
			sourceTree = "<group>";
		};
		5BB379282842C190FC1BCD59 /* Pods */ = {
			isa = PBXGroup;
			children = (
				ECAADE492C77C171F0C32C65 /* Pods-FirebaseAuthSample.debug.xcconfig */,
				26842C70D9D7A6C0BBE4FDAD /* Pods-FirebaseAuthSample.release.xcconfig */,
			);
			path = Pods;
			sourceTree = "<group>";
		};
		BD65486827215EFC007DF68F = {
			isa = PBXGroup;
			children = (
				BD65487327215EFC007DF68F /* FirebaseAuthSample */,
				5BB379282842C190FC1BCD59 /* Pods */,
				34D069D1D4F6EA93D2D44ABE /* Frameworks */,
			);
			sourceTree = "<group>";
		};
		BD65487227215EFC007DF68F /* Products */ = {
			isa = PBXGroup;
			children = (
				BD65487127215EFC007DF68F /* FirebaseAuthSample.app */,
			);
			name = Products;
			path = ..;
			sourceTree = "<group>";
		};
		BD65487327215EFC007DF68F /* FirebaseAuthSample */ = {
			isa = PBXGroup;
			children = (
				BDE5B194272306C9001707BC /* Views */,
				BD65488B272160F4007DF68F /* Applications */,
				BD654888272160B5007DF68F /* Supportings */,
				BD65487227215EFC007DF68F /* Products */,
			);
			path = FirebaseAuthSample;
			sourceTree = "<group>";
		};
		BD654888272160B5007DF68F /* Supportings */ = {
			isa = PBXGroup;
			children = (
				BD65487D27215EFF007DF68F /* Assets.xcassets */,
				BD65487F27215EFF007DF68F /* LaunchScreen.storyboard */,
				BD65488227215EFF007DF68F /* Info.plist */,
				BD654889272160CB007DF68F /* GoogleService-Info.plist */,
			);
			path = Supportings;
			sourceTree = "<group>";
		};
		BD65488B272160F4007DF68F /* Applications */ = {
			isa = PBXGroup;
			children = (
				BD65487427215EFC007DF68F /* AppDelegate.swift */,
				BD65487627215EFC007DF68F /* SceneDelegate.swift */,
			);
			path = Applications;
			sourceTree = "<group>";
		};
		BDE5B194272306C9001707BC /* Views */ = {
			isa = PBXGroup;
			children = (
				BDE5B195272306DF001707BC /* MainViewController.swift */,
				BD65487827215EFC007DF68F /* ViewController.swift */,
				BD65487A27215EFC007DF68F /* Main.storyboard */,
			);
			path = Views;
			sourceTree = "<group>";
		};
/* End PBXGroup section */

/* Begin PBXNativeTarget section */
		BD65487027215EFC007DF68F /* FirebaseAuthSample */ = {
			isa = PBXNativeTarget;
			buildConfigurationList = BD65488527215EFF007DF68F /* Build configuration list for PBXNativeTarget "FirebaseAuthSample" */;
			buildPhases = (
				8C7DB2E88B15C225A70649C6 /* [CP] Check Pods Manifest.lock */,
				BD65486D27215EFC007DF68F /* Sources */,
				BD65486E27215EFC007DF68F /* Frameworks */,
				BD65486F27215EFC007DF68F /* Resources */,
				D2EE9A80C123C6DB3709CE03 /* [CP] Embed Pods Frameworks */,
			);
			buildRules = (
			);
			dependencies = (
			);
			name = FirebaseAuthSample;
			productName = FirebaseAuthSample;
			productReference = BD65487127215EFC007DF68F /* FirebaseAuthSample.app */;
			productType = "com.apple.product-type.application";
		};
/* End PBXNativeTarget section */

/* Begin PBXProject section */
		BD65486927215EFC007DF68F /* Project object */ = {
			isa = PBXProject;
			attributes = {
				BuildIndependentTargetsInParallel = 1;
				LastSwiftUpdateCheck = 1300;
				LastUpgradeCheck = 1300;
				TargetAttributes = {
					BD65487027215EFC007DF68F = {
						CreatedOnToolsVersion = 13.0;
					};
				};
			};
			buildConfigurationList = BD65486C27215EFC007DF68F /* Build configuration list for PBXProject "FirebaseAuthSample" */;
			compatibilityVersion = "Xcode 13.0";
			developmentRegion = en;
			hasScannedForEncodings = 0;
			knownRegions = (
				en,
				Base,
			);
			mainGroup = BD65486827215EFC007DF68F;
			productRefGroup = BD65487227215EFC007DF68F /* Products */;
			projectDirPath = "";
			projectRoot = "";
			targets = (
				BD65487027215EFC007DF68F /* FirebaseAuthSample */,
			);
		};
/* End PBXProject section */

/* Begin PBXResourcesBuildPhase section */
		BD65486F27215EFC007DF68F /* Resources */ = {
			isa = PBXResourcesBuildPhase;
			buildActionMask = 2147483647;
			files = (
				BD65488127215EFF007DF68F /* LaunchScreen.storyboard in Resources */,
				BD65488A272160CB007DF68F /* GoogleService-Info.plist in Resources */,
				BD65487E27215EFF007DF68F /* Assets.xcassets in Resources */,
				BD65487C27215EFC007DF68F /* Main.storyboard in Resources */,
			);
			runOnlyForDeploymentPostprocessing = 0;
		};
/* End PBXResourcesBuildPhase section */

/* Begin PBXShellScriptBuildPhase section */
		8C7DB2E88B15C225A70649C6 /* [CP] Check Pods Manifest.lock */ = {
			isa = PBXShellScriptBuildPhase;
			buildActionMask = 2147483647;
			files = (
			);
			inputFileListPaths = (
			);
			inputPaths = (
				"${PODS_PODFILE_DIR_PATH}/Podfile.lock",
				"${PODS_ROOT}/Manifest.lock",
			);
			name = "[CP] Check Pods Manifest.lock";
			outputFileListPaths = (
			);
			outputPaths = (
				"$(DERIVED_FILE_DIR)/Pods-FirebaseAuthSample-checkManifestLockResult.txt",
			);
			runOnlyForDeploymentPostprocessing = 0;
			shellPath = /bin/sh;
			shellScript = "diff \"${PODS_PODFILE_DIR_PATH}/Podfile.lock\" \"${PODS_ROOT}/Manifest.lock\" > /dev/null\nif [ $? != 0 ] ; then\n    # print error to STDERR\n    echo \"error: The sandbox is not in sync with the Podfile.lock. Run 'pod install' or update your CocoaPods installation.\" >&2\n    exit 1\nfi\n# This output is used by Xcode 'outputs' to avoid re-running this script phase.\necho \"SUCCESS\" > \"${SCRIPT_OUTPUT_FILE_0}\"\n";
			showEnvVarsInLog = 0;
		};
		D2EE9A80C123C6DB3709CE03 /* [CP] Embed Pods Frameworks */ = {
			isa = PBXShellScriptBuildPhase;
			buildActionMask = 2147483647;
			files = (
			);
			inputFileListPaths = (
				"${PODS_ROOT}/Target Support Files/Pods-FirebaseAuthSample/Pods-FirebaseAuthSample-frameworks-${CONFIGURATION}-input-files.xcfilelist",
			);
			name = "[CP] Embed Pods Frameworks";
			outputFileListPaths = (
				"${PODS_ROOT}/Target Support Files/Pods-FirebaseAuthSample/Pods-FirebaseAuthSample-frameworks-${CONFIGURATION}-output-files.xcfilelist",
			);
			runOnlyForDeploymentPostprocessing = 0;
			shellPath = /bin/sh;
			shellScript = "\"${PODS_ROOT}/Target Support Files/Pods-FirebaseAuthSample/Pods-FirebaseAuthSample-frameworks.sh\"\n";
			showEnvVarsInLog = 0;
		};
/* End PBXShellScriptBuildPhase section */

/* Begin PBXSourcesBuildPhase section */
		BD65486D27215EFC007DF68F /* Sources */ = {
			isa = PBXSourcesBuildPhase;
			buildActionMask = 2147483647;
			files = (
				BD65487927215EFC007DF68F /* ViewController.swift in Sources */,
				BD65487527215EFC007DF68F /* AppDelegate.swift in Sources */,
				BD65487727215EFC007DF68F /* SceneDelegate.swift in Sources */,
				BDE5B196272306DF001707BC /* MainViewController.swift in Sources */,
			);
			runOnlyForDeploymentPostprocessing = 0;
		};
/* End PBXSourcesBuildPhase section */

/* Begin PBXVariantGroup section */
		BD65487A27215EFC007DF68F /* Main.storyboard */ = {
			isa = PBXVariantGroup;
			children = (
				BD65487B27215EFC007DF68F /* Base */,
			);
			name = Main.storyboard;
			sourceTree = "<group>";
		};
		BD65487F27215EFF007DF68F /* LaunchScreen.storyboard */ = {
			isa = PBXVariantGroup;
			children = (
				BD65488027215EFF007DF68F /* Base */,
			);
			name = LaunchScreen.storyboard;
			sourceTree = "<group>";
		};
/* End PBXVariantGroup section */

/* Begin XCBuildConfiguration section */
		BD65488327215EFF007DF68F /* Debug */ = {
			isa = XCBuildConfiguration;
			buildSettings = {
				ALWAYS_SEARCH_USER_PATHS = NO;
				CLANG_ANALYZER_NONNULL = YES;
				CLANG_ANALYZER_NUMBER_OBJECT_CONVERSION = YES_AGGRESSIVE;
				CLANG_CXX_LANGUAGE_STANDARD = "gnu++17";
				CLANG_CXX_LIBRARY = "libc++";
				CLANG_ENABLE_MODULES = YES;
				CLANG_ENABLE_OBJC_ARC = YES;
				CLANG_ENABLE_OBJC_WEAK = YES;
				CLANG_WARN_BLOCK_CAPTURE_AUTORELEASING = YES;
				CLANG_WARN_BOOL_CONVERSION = YES;
				CLANG_WARN_COMMA = YES;
				CLANG_WARN_CONSTANT_CONVERSION = YES;
				CLANG_WARN_DEPRECATED_OBJC_IMPLEMENTATIONS = YES;
				CLANG_WARN_DIRECT_OBJC_ISA_USAGE = YES_ERROR;
				CLANG_WARN_DOCUMENTATION_COMMENTS = YES;
				CLANG_WARN_EMPTY_BODY = YES;
				CLANG_WARN_ENUM_CONVERSION = YES;
				CLANG_WARN_INFINITE_RECURSION = YES;
				CLANG_WARN_INT_CONVERSION = YES;
				CLANG_WARN_NON_LITERAL_NULL_CONVERSION = YES;
				CLANG_WARN_OBJC_IMPLICIT_RETAIN_SELF = YES;
				CLANG_WARN_OBJC_LITERAL_CONVERSION = YES;
				CLANG_WARN_OBJC_ROOT_CLASS = YES_ERROR;
				CLANG_WARN_QUOTED_INCLUDE_IN_FRAMEWORK_HEADER = YES;
				CLANG_WARN_RANGE_LOOP_ANALYSIS = YES;
				CLANG_WARN_STRICT_PROTOTYPES = YES;
				CLANG_WARN_SUSPICIOUS_MOVE = YES;
				CLANG_WARN_UNGUARDED_AVAILABILITY = YES_AGGRESSIVE;
				CLANG_WARN_UNREACHABLE_CODE = YES;
				CLANG_WARN__DUPLICATE_METHOD_MATCH = YES;
				COPY_PHASE_STRIP = NO;
				DEBUG_INFORMATION_FORMAT = dwarf;
				ENABLE_STRICT_OBJC_MSGSEND = YES;
				ENABLE_TESTABILITY = YES;
				GCC_C_LANGUAGE_STANDARD = gnu11;
				GCC_DYNAMIC_NO_PIC = NO;
				GCC_NO_COMMON_BLOCKS = YES;
				GCC_OPTIMIZATION_LEVEL = 0;
				GCC_PREPROCESSOR_DEFINITIONS = (
					"DEBUG=1",
					"$(inherited)",
				);
				GCC_WARN_64_TO_32_BIT_CONVERSION = YES;
				GCC_WARN_ABOUT_RETURN_TYPE = YES_ERROR;
				GCC_WARN_UNDECLARED_SELECTOR = YES;
				GCC_WARN_UNINITIALIZED_AUTOS = YES_AGGRESSIVE;
				GCC_WARN_UNUSED_FUNCTION = YES;
				GCC_WARN_UNUSED_VARIABLE = YES;
				IPHONEOS_DEPLOYMENT_TARGET = 15.0;
				MTL_ENABLE_DEBUG_INFO = INCLUDE_SOURCE;
				MTL_FAST_MATH = YES;
				ONLY_ACTIVE_ARCH = YES;
				SDKROOT = iphoneos;
				SWIFT_ACTIVE_COMPILATION_CONDITIONS = DEBUG;
				SWIFT_OPTIMIZATION_LEVEL = "-Onone";
			};
			name = Debug;
		};
		BD65488427215EFF007DF68F /* Release */ = {
			isa = XCBuildConfiguration;
			buildSettings = {
				ALWAYS_SEARCH_USER_PATHS = NO;
				CLANG_ANALYZER_NONNULL = YES;
				CLANG_ANALYZER_NUMBER_OBJECT_CONVERSION = YES_AGGRESSIVE;
				CLANG_CXX_LANGUAGE_STANDARD = "gnu++17";
				CLANG_CXX_LIBRARY = "libc++";
				CLANG_ENABLE_MODULES = YES;
				CLANG_ENABLE_OBJC_ARC = YES;
				CLANG_ENABLE_OBJC_WEAK = YES;
				CLANG_WARN_BLOCK_CAPTURE_AUTORELEASING = YES;
				CLANG_WARN_BOOL_CONVERSION = YES;
				CLANG_WARN_COMMA = YES;
				CLANG_WARN_CONSTANT_CONVERSION = YES;
				CLANG_WARN_DEPRECATED_OBJC_IMPLEMENTATIONS = YES;
				CLANG_WARN_DIRECT_OBJC_ISA_USAGE = YES_ERROR;
				CLANG_WARN_DOCUMENTATION_COMMENTS = YES;
				CLANG_WARN_EMPTY_BODY = YES;
				CLANG_WARN_ENUM_CONVERSION = YES;
				CLANG_WARN_INFINITE_RECURSION = YES;
				CLANG_WARN_INT_CONVERSION = YES;
				CLANG_WARN_NON_LITERAL_NULL_CONVERSION = YES;
				CLANG_WARN_OBJC_IMPLICIT_RETAIN_SELF = YES;
				CLANG_WARN_OBJC_LITERAL_CONVERSION = YES;
				CLANG_WARN_OBJC_ROOT_CLASS = YES_ERROR;
				CLANG_WARN_QUOTED_INCLUDE_IN_FRAMEWORK_HEADER = YES;
				CLANG_WARN_RANGE_LOOP_ANALYSIS = YES;
				CLANG_WARN_STRICT_PROTOTYPES = YES;
				CLANG_WARN_SUSPICIOUS_MOVE = YES;
				CLANG_WARN_UNGUARDED_AVAILABILITY = YES_AGGRESSIVE;
				CLANG_WARN_UNREACHABLE_CODE = YES;
				CLANG_WARN__DUPLICATE_METHOD_MATCH = YES;
				COPY_PHASE_STRIP = NO;
				DEBUG_INFORMATION_FORMAT = "dwarf-with-dsym";
				ENABLE_NS_ASSERTIONS = NO;
				ENABLE_STRICT_OBJC_MSGSEND = YES;
				GCC_C_LANGUAGE_STANDARD = gnu11;
				GCC_NO_COMMON_BLOCKS = YES;
				GCC_WARN_64_TO_32_BIT_CONVERSION = YES;
				GCC_WARN_ABOUT_RETURN_TYPE = YES_ERROR;
				GCC_WARN_UNDECLARED_SELECTOR = YES;
				GCC_WARN_UNINITIALIZED_AUTOS = YES_AGGRESSIVE;
				GCC_WARN_UNUSED_FUNCTION = YES;
				GCC_WARN_UNUSED_VARIABLE = YES;
				IPHONEOS_DEPLOYMENT_TARGET = 15.0;
				MTL_ENABLE_DEBUG_INFO = NO;
				MTL_FAST_MATH = YES;
				SDKROOT = iphoneos;
				SWIFT_COMPILATION_MODE = wholemodule;
				SWIFT_OPTIMIZATION_LEVEL = "-O";
				VALIDATE_PRODUCT = YES;
			};
			name = Release;
		};
		BD65488627215EFF007DF68F /* Debug */ = {
			isa = XCBuildConfiguration;
			baseConfigurationReference = ECAADE492C77C171F0C32C65 /* Pods-FirebaseAuthSample.debug.xcconfig */;
			buildSettings = {
				ASSETCATALOG_COMPILER_APPICON_NAME = AppIcon;
				ASSETCATALOG_COMPILER_GLOBAL_ACCENT_COLOR_NAME = AccentColor;
				CODE_SIGN_STYLE = Automatic;
				CURRENT_PROJECT_VERSION = 1;
				DEVELOPMENT_TEAM = 4QG3GC35LA;
				GENERATE_INFOPLIST_FILE = YES;
				INFOPLIST_FILE = FirebaseAuthSample/Supportings/Info.plist;
				INFOPLIST_KEY_UIApplicationSupportsIndirectInputEvents = YES;
				INFOPLIST_KEY_UILaunchStoryboardName = LaunchScreen;
				INFOPLIST_KEY_UIMainStoryboardFile = Main;
				INFOPLIST_KEY_UISupportedInterfaceOrientations_iPad = "UIInterfaceOrientationPortrait UIInterfaceOrientationPortraitUpsideDown UIInterfaceOrientationLandscapeLeft UIInterfaceOrientationLandscapeRight";
				INFOPLIST_KEY_UISupportedInterfaceOrientations_iPhone = "UIInterfaceOrientationPortrait UIInterfaceOrientationLandscapeLeft UIInterfaceOrientationLandscapeRight";
				LD_RUNPATH_SEARCH_PATHS = (
					"$(inherited)",
					"@executable_path/Frameworks",
				);
				MARKETING_VERSION = 1.0;
				PRODUCT_BUNDLE_IDENTIFIER = com.taekki.dev.FirebaseAuthSample;
				PRODUCT_NAME = "$(TARGET_NAME)";
				SWIFT_EMIT_LOC_STRINGS = YES;
				SWIFT_VERSION = 5.0;
				TARGETED_DEVICE_FAMILY = 1;
			};
			name = Debug;
		};
		BD65488727215EFF007DF68F /* Release */ = {
			isa = XCBuildConfiguration;
			baseConfigurationReference = 26842C70D9D7A6C0BBE4FDAD /* Pods-FirebaseAuthSample.release.xcconfig */;
			buildSettings = {
				ASSETCATALOG_COMPILER_APPICON_NAME = AppIcon;
				ASSETCATALOG_COMPILER_GLOBAL_ACCENT_COLOR_NAME = AccentColor;
				CODE_SIGN_STYLE = Automatic;
				CURRENT_PROJECT_VERSION = 1;
				DEVELOPMENT_TEAM = 4QG3GC35LA;
				GENERATE_INFOPLIST_FILE = YES;
				INFOPLIST_FILE = FirebaseAuthSample/Supportings/Info.plist;
				INFOPLIST_KEY_UIApplicationSupportsIndirectInputEvents = YES;
				INFOPLIST_KEY_UILaunchStoryboardName = LaunchScreen;
				INFOPLIST_KEY_UIMainStoryboardFile = Main;
				INFOPLIST_KEY_UISupportedInterfaceOrientations_iPad = "UIInterfaceOrientationPortrait UIInterfaceOrientationPortraitUpsideDown UIInterfaceOrientationLandscapeLeft UIInterfaceOrientationLandscapeRight";
				INFOPLIST_KEY_UISupportedInterfaceOrientations_iPhone = "UIInterfaceOrientationPortrait UIInterfaceOrientationLandscapeLeft UIInterfaceOrientationLandscapeRight";
				LD_RUNPATH_SEARCH_PATHS = (
					"$(inherited)",
					"@executable_path/Frameworks",
				);
				MARKETING_VERSION = 1.0;
				PRODUCT_BUNDLE_IDENTIFIER = com.taekki.dev.FirebaseAuthSample;
				PRODUCT_NAME = "$(TARGET_NAME)";
				SWIFT_EMIT_LOC_STRINGS = YES;
				SWIFT_VERSION = 5.0;
				TARGETED_DEVICE_FAMILY = 1;
			};
			name = Release;
		};
/* End XCBuildConfiguration section */

/* Begin XCConfigurationList section */
		BD65486C27215EFC007DF68F /* Build configuration list for PBXProject "FirebaseAuthSample" */ = {
			isa = XCConfigurationList;
			buildConfigurations = (
				BD65488327215EFF007DF68F /* Debug */,
				BD65488427215EFF007DF68F /* Release */,
			);
			defaultConfigurationIsVisible = 0;
			defaultConfigurationName = Release;
		};
		BD65488527215EFF007DF68F /* Build configuration list for PBXNativeTarget "FirebaseAuthSample" */ = {
			isa = XCConfigurationList;
			buildConfigurations = (
				BD65488627215EFF007DF68F /* Debug */,
				BD65488727215EFF007DF68F /* Release */,
			);
			defaultConfigurationIsVisible = 0;
			defaultConfigurationName = Release;
		};
/* End XCConfigurationList section */
	};
	rootObject = BD65486927215EFC007DF68F /* Project object */;
}
